// !$*UTF8*$!
{
	archiveVersion = 1;
	classes = {
	};
	objectVersion = 46;
	objects = {

/* Begin PBXBuildFile section */
		3F33FD5B1555B99400F1AC5B /* UIKit.framework in Frameworks */ = {isa = PBXBuildFile; fileRef = 3F33FD5A1555B99400F1AC5B /* UIKit.framework */; };
		3F33FD5D1555B99400F1AC5B /* Foundation.framework in Frameworks */ = {isa = PBXBuildFile; fileRef = 3F33FD5C1555B99400F1AC5B /* Foundation.framework */; };
		3F33FD5F1555B99400F1AC5B /* CoreGraphics.framework in Frameworks */ = {isa = PBXBuildFile; fileRef = 3F33FD5E1555B99400F1AC5B /* CoreGraphics.framework */; };
		3F33FD651555B99500F1AC5B /* InfoPlist.strings in Resources */ = {isa = PBXBuildFile; fileRef = 3F33FD631555B99500F1AC5B /* InfoPlist.strings */; };
		3F33FD671555B99500F1AC5B /* main.m in Sources */ = {isa = PBXBuildFile; fileRef = 3F33FD661555B99500F1AC5B /* main.m */; };
		3F33FD6B1555B99500F1AC5B /* AppDelegate.m in Sources */ = {isa = PBXBuildFile; fileRef = 3F33FD6A1555B99500F1AC5B /* AppDelegate.m */; };
		3F33FD751555BA5000F1AC5B /* RootViewController.m in Sources */ = {isa = PBXBuildFile; fileRef = 3F33FD741555BA5000F1AC5B /* RootViewController.m */; };
		3F33FD831555BFEB00F1AC5B /* View1Controller.m in Sources */ = {isa = PBXBuildFile; fileRef = 3F33FD821555BFEB00F1AC5B /* View1Controller.m */; };
		3F33FD8A1555C79300F1AC5B /* Routes.plist in Resources */ = {isa = PBXBuildFile; fileRef = 3F33FD891555C79300F1AC5B /* Routes.plist */; };
		3F33FDC21559C37000F1AC5B /* View2Controller.m in Sources */ = {isa = PBXBuildFile; fileRef = 3F33FDC11559C37000F1AC5B /* View2Controller.m */; };
		3F33FDDE155B103900F1AC5B /* View3Controller.m in Sources */ = {isa = PBXBuildFile; fileRef = 3F33FDDC155B103900F1AC5B /* View3Controller.m */; };
		3F33FDDF155B103900F1AC5B /* View3Controller.xib in Resources */ = {isa = PBXBuildFile; fileRef = 3F33FDDD155B103900F1AC5B /* View3Controller.xib */; };
		3F33FDE6155C5D2000F1AC5B /* TabBarController.m in Sources */ = {isa = PBXBuildFile; fileRef = 3F33FDE5155C5D2000F1AC5B /* TabBarController.m */; };
		3F9EF96B156438BC006385C6 /* NavigationController.m in Sources */ = {isa = PBXBuildFile; fileRef = 3F9EF96A156438BC006385C6 /* NavigationController.m */; };
		3FBF253715A63B0C00AEB3FF /* CJRoute.m in Sources */ = {isa = PBXBuildFile; fileRef = 3FBF253415A63B0C00AEB3FF /* CJRoute.m */; };
		3FBF253815A63B0C00AEB3FF /* CJRouter.m in Sources */ = {isa = PBXBuildFile; fileRef = 3FBF253615A63B0C00AEB3FF /* CJRouter.m */; };
		3FCD81E916F141250070F727 /* index.html in Resources */ = {isa = PBXBuildFile; fileRef = 3FCD81E816F141250070F727 /* index.html */; };
/* End PBXBuildFile section */

/* Begin PBXFileReference section */
		3F33FD561555B99400F1AC5B /* Router.app */ = {isa = PBXFileReference; explicitFileType = wrapper.application; includeInIndex = 0; path = Router.app; sourceTree = BUILT_PRODUCTS_DIR; };
		3F33FD5A1555B99400F1AC5B /* UIKit.framework */ = {isa = PBXFileReference; lastKnownFileType = wrapper.framework; name = UIKit.framework; path = System/Library/Frameworks/UIKit.framework; sourceTree = SDKROOT; };
		3F33FD5C1555B99400F1AC5B /* Foundation.framework */ = {isa = PBXFileReference; lastKnownFileType = wrapper.framework; name = Foundation.framework; path = System/Library/Frameworks/Foundation.framework; sourceTree = SDKROOT; };
		3F33FD5E1555B99400F1AC5B /* CoreGraphics.framework */ = {isa = PBXFileReference; lastKnownFileType = wrapper.framework; name = CoreGraphics.framework; path = System/Library/Frameworks/CoreGraphics.framework; sourceTree = SDKROOT; };
		3F33FD621555B99500F1AC5B /* Router-Info.plist */ = {isa = PBXFileReference; lastKnownFileType = text.plist.xml; path = "Router-Info.plist"; sourceTree = "<group>"; };
		3F33FD641555B99500F1AC5B /* en */ = {isa = PBXFileReference; lastKnownFileType = text.plist.strings; name = en; path = en.lproj/InfoPlist.strings; sourceTree = "<group>"; };
		3F33FD661555B99500F1AC5B /* main.m */ = {isa = PBXFileReference; lastKnownFileType = sourcecode.c.objc; path = main.m; sourceTree = "<group>"; };
		3F33FD681555B99500F1AC5B /* Router-Prefix.pch */ = {isa = PBXFileReference; lastKnownFileType = sourcecode.c.h; path = "Router-Prefix.pch"; sourceTree = "<group>"; };
		3F33FD691555B99500F1AC5B /* AppDelegate.h */ = {isa = PBXFileReference; lastKnownFileType = sourcecode.c.h; path = AppDelegate.h; sourceTree = "<group>"; };
		3F33FD6A1555B99500F1AC5B /* AppDelegate.m */ = {isa = PBXFileReference; lastKnownFileType = sourcecode.c.objc; path = AppDelegate.m; sourceTree = "<group>"; };
		3F33FD731555BA5000F1AC5B /* RootViewController.h */ = {isa = PBXFileReference; fileEncoding = 4; lastKnownFileType = sourcecode.c.h; path = RootViewController.h; sourceTree = "<group>"; };
		3F33FD741555BA5000F1AC5B /* RootViewController.m */ = {isa = PBXFileReference; fileEncoding = 4; lastKnownFileType = sourcecode.c.objc; path = RootViewController.m; sourceTree = "<group>"; };
		3F33FD811555BFEB00F1AC5B /* View1Controller.h */ = {isa = PBXFileReference; fileEncoding = 4; lastKnownFileType = sourcecode.c.h; path = View1Controller.h; sourceTree = "<group>"; };
		3F33FD821555BFEB00F1AC5B /* View1Controller.m */ = {isa = PBXFileReference; fileEncoding = 4; lastKnownFileType = sourcecode.c.objc; path = View1Controller.m; sourceTree = "<group>"; };
		3F33FD891555C79300F1AC5B /* Routes.plist */ = {isa = PBXFileReference; fileEncoding = 4; lastKnownFileType = text.plist.xml; path = Routes.plist; sourceTree = "<group>"; };
		3F33FDC01559C37000F1AC5B /* View2Controller.h */ = {isa = PBXFileReference; fileEncoding = 4; lastKnownFileType = sourcecode.c.h; path = View2Controller.h; sourceTree = "<group>"; };
		3F33FDC11559C37000F1AC5B /* View2Controller.m */ = {isa = PBXFileReference; fileEncoding = 4; lastKnownFileType = sourcecode.c.objc; path = View2Controller.m; sourceTree = "<group>"; };
		3F33FDDB155B103900F1AC5B /* View3Controller.h */ = {isa = PBXFileReference; fileEncoding = 4; lastKnownFileType = sourcecode.c.h; path = View3Controller.h; sourceTree = "<group>"; };
		3F33FDDC155B103900F1AC5B /* View3Controller.m */ = {isa = PBXFileReference; fileEncoding = 4; lastKnownFileType = sourcecode.c.objc; path = View3Controller.m; sourceTree = "<group>"; };
		3F33FDDD155B103900F1AC5B /* View3Controller.xib */ = {isa = PBXFileReference; fileEncoding = 4; lastKnownFileType = file.xib; path = View3Controller.xib; sourceTree = "<group>"; };
		3F33FDE4155C5D2000F1AC5B /* TabBarController.h */ = {isa = PBXFileReference; fileEncoding = 4; lastKnownFileType = sourcecode.c.h; path = TabBarController.h; sourceTree = "<group>"; };
		3F33FDE5155C5D2000F1AC5B /* TabBarController.m */ = {isa = PBXFileReference; fileEncoding = 4; lastKnownFileType = sourcecode.c.objc; path = TabBarController.m; sourceTree = "<group>"; };
		3F9EF969156438BC006385C6 /* NavigationController.h */ = {isa = PBXFileReference; fileEncoding = 4; lastKnownFileType = sourcecode.c.h; path = NavigationController.h; sourceTree = "<group>"; };
		3F9EF96A156438BC006385C6 /* NavigationController.m */ = {isa = PBXFileReference; fileEncoding = 4; lastKnownFileType = sourcecode.c.objc; path = NavigationController.m; sourceTree = "<group>"; };
		3FBF253315A63B0C00AEB3FF /* CJRoute.h */ = {isa = PBXFileReference; fileEncoding = 4; lastKnownFileType = sourcecode.c.h; path = CJRoute.h; sourceTree = "<group>"; };
		3FBF253415A63B0C00AEB3FF /* CJRoute.m */ = {isa = PBXFileReference; fileEncoding = 4; lastKnownFileType = sourcecode.c.objc; path = CJRoute.m; sourceTree = "<group>"; };
		3FBF253515A63B0C00AEB3FF /* CJRouter.h */ = {isa = PBXFileReference; fileEncoding = 4; lastKnownFileType = sourcecode.c.h; path = CJRouter.h; sourceTree = "<group>"; };
		3FBF253615A63B0C00AEB3FF /* CJRouter.m */ = {isa = PBXFileReference; fileEncoding = 4; lastKnownFileType = sourcecode.c.objc; path = CJRouter.m; sourceTree = "<group>"; };
		3FCD81E816F141250070F727 /* index.html */ = {isa = PBXFileReference; fileEncoding = 4; lastKnownFileType = text.html; name = index.html; path = Classes/index.html; sourceTree = SOURCE_ROOT; };
/* End PBXFileReference section */

/* Begin PBXFrameworksBuildPhase section */
		3F33FD531555B99400F1AC5B /* Frameworks */ = {
			isa = PBXFrameworksBuildPhase;
			buildActionMask = 2147483647;
			files = (
				3F33FD5B1555B99400F1AC5B /* UIKit.framework in Frameworks */,
				3F33FD5D1555B99400F1AC5B /* Foundation.framework in Frameworks */,
				3F33FD5F1555B99400F1AC5B /* CoreGraphics.framework in Frameworks */,
			);
			runOnlyForDeploymentPostprocessing = 0;
		};
/* End PBXFrameworksBuildPhase section */

/* Begin PBXGroup section */
		3F33FD4B1555B99400F1AC5B = {
			isa = PBXGroup;
			children = (
				3F9FEE7F15A4E00000C7BA65 /* Ressources */,
				3F33FD601555B99400F1AC5B /* Classes */,
				3F33FD591555B99400F1AC5B /* Frameworks */,
				3F33FD571555B99400F1AC5B /* Products */,
			);
			sourceTree = "<group>";
		};
		3F33FD571555B99400F1AC5B /* Products */ = {
			isa = PBXGroup;
			children = (
				3F33FD561555B99400F1AC5B /* Router.app */,
			);
			name = Products;
			sourceTree = "<group>";
		};
		3F33FD591555B99400F1AC5B /* Frameworks */ = {
			isa = PBXGroup;
			children = (
				3F33FD5A1555B99400F1AC5B /* UIKit.framework */,
				3F33FD5C1555B99400F1AC5B /* Foundation.framework */,
				3F33FD5E1555B99400F1AC5B /* CoreGraphics.framework */,
			);
			name = Frameworks;
			sourceTree = "<group>";
		};
		3F33FD601555B99400F1AC5B /* Classes */ = {
			isa = PBXGroup;
			children = (
				3F33FD721555BA0F00F1AC5B /* Controllers */,
				3FCD81DE16F13CF40070F727 /* Vendor */,
				3F33FD691555B99500F1AC5B /* AppDelegate.h */,
				3F33FD6A1555B99500F1AC5B /* AppDelegate.m */,
				3F33FD891555C79300F1AC5B /* Routes.plist */,
				3F33FD611555B99500F1AC5B /* Supporting Files */,
			);
			path = Classes;
			sourceTree = "<group>";
		};
		3F33FD611555B99500F1AC5B /* Supporting Files */ = {
			isa = PBXGroup;
			children = (
				3F33FD621555B99500F1AC5B /* Router-Info.plist */,
				3F33FD631555B99500F1AC5B /* InfoPlist.strings */,
				3F33FD661555B99500F1AC5B /* main.m */,
				3F33FD681555B99500F1AC5B /* Router-Prefix.pch */,
			);
			name = "Supporting Files";
			sourceTree = "<group>";
		};
		3F33FD721555BA0F00F1AC5B /* Controllers */ = {
			isa = PBXGroup;
			children = (
				3F33FD731555BA5000F1AC5B /* RootViewController.h */,
				3F33FD741555BA5000F1AC5B /* RootViewController.m */,
				3F33FD811555BFEB00F1AC5B /* View1Controller.h */,
				3F33FD821555BFEB00F1AC5B /* View1Controller.m */,
				3F33FDC01559C37000F1AC5B /* View2Controller.h */,
				3F33FDC11559C37000F1AC5B /* View2Controller.m */,
				3F33FDDB155B103900F1AC5B /* View3Controller.h */,
				3F33FDDC155B103900F1AC5B /* View3Controller.m */,
				3F33FDDD155B103900F1AC5B /* View3Controller.xib */,
				3F33FDE4155C5D2000F1AC5B /* TabBarController.h */,
				3F33FDE5155C5D2000F1AC5B /* TabBarController.m */,
				3F9EF969156438BC006385C6 /* NavigationController.h */,
				3F9EF96A156438BC006385C6 /* NavigationController.m */,
			);
			name = Controllers;
			sourceTree = "<group>";
		};
		3F9FEE7F15A4E00000C7BA65 /* Ressources */ = {
			isa = PBXGroup;
			children = (
				3FCD81E816F141250070F727 /* index.html */,
			);
			name = Ressources;
			path = Router;
			sourceTree = "<group>";
		};
		3FBF253215A63B0C00AEB3FF /* CJRouter */ = {
			isa = PBXGroup;
			children = (
				3FBF253315A63B0C00AEB3FF /* CJRoute.h */,
				3FBF253415A63B0C00AEB3FF /* CJRoute.m */,
				3FBF253515A63B0C00AEB3FF /* CJRouter.h */,
				3FBF253615A63B0C00AEB3FF /* CJRouter.m */,
			);
			name = CJRouter;
			path = ../../../CJRouter;
			sourceTree = "<group>";
		};
		3FCD81DE16F13CF40070F727 /* Vendor */ = {
			isa = PBXGroup;
			children = (
				3FBF253215A63B0C00AEB3FF /* CJRouter */,
			);
			name = Vendor;
			sourceTree = "<group>";
		};
/* End PBXGroup section */

/* Begin PBXNativeTarget section */
		3F33FD551555B99400F1AC5B /* Router */ = {
			isa = PBXNativeTarget;
			buildConfigurationList = 3F33FD6E1555B99500F1AC5B /* Build configuration list for PBXNativeTarget "Router" */;
			buildPhases = (
				3F33FD521555B99400F1AC5B /* Sources */,
				3F33FD531555B99400F1AC5B /* Frameworks */,
				3F33FD541555B99400F1AC5B /* Resources */,
			);
			buildRules = (
			);
			dependencies = (
			);
			name = Router;
			productName = Router;
			productReference = 3F33FD561555B99400F1AC5B /* Router.app */;
			productType = "com.apple.product-type.application";
		};
/* End PBXNativeTarget section */

/* Begin PBXProject section */
		3F33FD4D1555B99400F1AC5B /* Project object */ = {
			isa = PBXProject;
			attributes = {
				CLASSPREFIX = CJ;
				LastUpgradeCheck = 0430;
				ORGANIZATIONNAME = "Jérémy Chaufourier";
			};
			buildConfigurationList = 3F33FD501555B99400F1AC5B /* Build configuration list for PBXProject "Router" */;
			compatibilityVersion = "Xcode 3.2";
			developmentRegion = English;
			hasScannedForEncodings = 0;
			knownRegions = (
				en,
			);
			mainGroup = 3F33FD4B1555B99400F1AC5B;
			productRefGroup = 3F33FD571555B99400F1AC5B /* Products */;
			projectDirPath = "";
			projectRoot = "";
			targets = (
				3F33FD551555B99400F1AC5B /* Router */,
			);
		};
/* End PBXProject section */

/* Begin PBXResourcesBuildPhase section */
		3F33FD541555B99400F1AC5B /* Resources */ = {
			isa = PBXResourcesBuildPhase;
			buildActionMask = 2147483647;
			files = (
				3F33FD651555B99500F1AC5B /* InfoPlist.strings in Resources */,
				3F33FD8A1555C79300F1AC5B /* Routes.plist in Resources */,
				3F33FDDF155B103900F1AC5B /* View3Controller.xib in Resources */,
				3FCD81E916F141250070F727 /* index.html in Resources */,
			);
			runOnlyForDeploymentPostprocessing = 0;
		};
/* End PBXResourcesBuildPhase section */

/* Begin PBXSourcesBuildPhase section */
		3F33FD521555B99400F1AC5B /* Sources */ = {
			isa = PBXSourcesBuildPhase;
			buildActionMask = 2147483647;
			files = (
				3F33FD671555B99500F1AC5B /* main.m in Sources */,
				3F33FD6B1555B99500F1AC5B /* AppDelegate.m in Sources */,
				3F33FD751555BA5000F1AC5B /* RootViewController.m in Sources */,
				3F33FD831555BFEB00F1AC5B /* View1Controller.m in Sources */,
				3F33FDC21559C37000F1AC5B /* View2Controller.m in Sources */,
				3F33FDDE155B103900F1AC5B /* View3Controller.m in Sources */,
				3F33FDE6155C5D2000F1AC5B /* TabBarController.m in Sources */,
				3F9EF96B156438BC006385C6 /* NavigationController.m in Sources */,
				3FBF253715A63B0C00AEB3FF /* CJRoute.m in Sources */,
				3FBF253815A63B0C00AEB3FF /* CJRouter.m in Sources */,
			);
			runOnlyForDeploymentPostprocessing = 0;
		};
/* End PBXSourcesBuildPhase section */

/* Begin PBXVariantGroup section */
		3F33FD631555B99500F1AC5B /* InfoPlist.strings */ = {
			isa = PBXVariantGroup;
			children = (
				3F33FD641555B99500F1AC5B /* en */,
			);
			name = InfoPlist.strings;
			sourceTree = "<group>";
		};
/* End PBXVariantGroup section */

/* Begin XCBuildConfiguration section */
		3F33FD6C1555B99500F1AC5B /* Debug */ = {
			isa = XCBuildConfiguration;
			buildSettings = {
				ALWAYS_SEARCH_USER_PATHS = NO;
				ARCHS = "$(ARCHS_STANDARD_32_BIT)";
				"CODE_SIGN_IDENTITY[sdk=iphoneos*]" = "iPhone Developer";
				COPY_PHASE_STRIP = NO;
				GCC_C_LANGUAGE_STANDARD = gnu99;
				GCC_DYNAMIC_NO_PIC = NO;
				GCC_OPTIMIZATION_LEVEL = 0;
				GCC_PREPROCESSOR_DEFINITIONS = (
					"DEBUG=1",
					"$(inherited)",
				);
				GCC_SYMBOLS_PRIVATE_EXTERN = NO;
				GCC_VERSION = com.apple.compilers.llvm.clang.1_0;
				GCC_WARN_ABOUT_RETURN_TYPE = YES;
				GCC_WARN_UNINITIALIZED_AUTOS = YES;
				GCC_WARN_UNUSED_VARIABLE = YES;
				IPHONEOS_DEPLOYMENT_TARGET = 5.1;
				SDKROOT = iphoneos;
				TARGETED_DEVICE_FAMILY = "1,2";
			};
			name = Debug;
		};
		3F33FD6D1555B99500F1AC5B /* Release */ = {
			isa = XCBuildConfiguration;
			buildSettings = {
				ALWAYS_SEARCH_USER_PATHS = NO;
				ARCHS = "$(ARCHS_STANDARD_32_BIT)";
				"CODE_SIGN_IDENTITY[sdk=iphoneos*]" = "iPhone Developer";
				COPY_PHASE_STRIP = YES;
				GCC_C_LANGUAGE_STANDARD = gnu99;
				GCC_VERSION = com.apple.compilers.llvm.clang.1_0;
				GCC_WARN_ABOUT_RETURN_TYPE = YES;
				GCC_WARN_UNINITIALIZED_AUTOS = YES;
				GCC_WARN_UNUSED_VARIABLE = YES;
				IPHONEOS_DEPLOYMENT_TARGET = 5.1;
				OTHER_CFLAGS = "-DNS_BLOCK_ASSERTIONS=1";
				SDKROOT = iphoneos;
				TARGETED_DEVICE_FAMILY = "1,2";
				VALIDATE_PRODUCT = YES;
			};
			name = Release;
		};
		3F33FD6F1555B99500F1AC5B /* Debug */ = {
			isa = XCBuildConfiguration;
			buildSettings = {
				GCC_PRECOMPILE_PREFIX_HEADER = YES;
				GCC_PREFIX_HEADER = "Classes/Router-Prefix.pch";
				INFOPLIST_FILE = "Classes/Router-Info.plist";
				PRODUCT_NAME = "$(TARGET_NAME)";
				WRAPPER_EXTENSION = app;
			};
			name = Debug;
		};
		3F33FD701555B99500F1AC5B /* Release */ = {
			isa = XCBuildConfiguration;
			buildSettings = {
				GCC_PRECOMPILE_PREFIX_HEADER = YES;
				GCC_PREFIX_HEADER = "Classes/Router-Prefix.pch";
				INFOPLIST_FILE = "Classes/Router-Info.plist";
				PRODUCT_NAME = "$(TARGET_NAME)";
				WRAPPER_EXTENSION = app;
			};
			name = Release;
		};
/* End XCBuildConfiguration section */

/* Begin XCConfigurationList section */
		3F33FD501555B99400F1AC5B /* Build configuration list for PBXProject "Router" */ = {
			isa = XCConfigurationList;
			buildConfigurations = (
				3F33FD6C1555B99500F1AC5B /* Debug */,
				3F33FD6D1555B99500F1AC5B /* Release */,
			);
			defaultConfigurationIsVisible = 0;
			defaultConfigurationName = Release;
		};
		3F33FD6E1555B99500F1AC5B /* Build configuration list for PBXNativeTarget "Router" */ = {
			isa = XCConfigurationList;
			buildConfigurations = (
				3F33FD6F1555B99500F1AC5B /* Debug */,
				3F33FD701555B99500F1AC5B /* Release */,
			);
			defaultConfigurationIsVisible = 0;
			defaultConfigurationName = Release;
		};
/* End XCConfigurationList section */
	};
	rootObject = 3F33FD4D1555B99400F1AC5B /* Project object */;
}
