// !$*UTF8*$!
{
	archiveVersion = 1;
	classes = {
	};
	objectVersion = 46;
	objects = {

/* Begin PBXBuildFile section */
		3F55610A156D80A400B620D9 /* UIKit.framework in Frameworks */ = {isa = PBXBuildFile; fileRef = 3F556109156D80A400B620D9 /* UIKit.framework */; };
		3F55610C156D80A400B620D9 /* Foundation.framework in Frameworks */ = {isa = PBXBuildFile; fileRef = 3F55610B156D80A400B620D9 /* Foundation.framework */; };
		3F55610E156D80A400B620D9 /* CoreGraphics.framework in Frameworks */ = {isa = PBXBuildFile; fileRef = 3F55610D156D80A400B620D9 /* CoreGraphics.framework */; };
		3F556114156D80A400B620D9 /* InfoPlist.strings in Resources */ = {isa = PBXBuildFile; fileRef = 3F556112156D80A400B620D9 /* InfoPlist.strings */; };
		3F556116156D80A400B620D9 /* main.m in Sources */ = {isa = PBXBuildFile; fileRef = 3F556115156D80A400B620D9 /* main.m */; };
		3F55611A156D80A400B620D9 /* AppDelegate.m in Sources */ = {isa = PBXBuildFile; fileRef = 3F556119156D80A400B620D9 /* AppDelegate.m */; };
		3F556133156D82E200B620D9 /* View1Controller.m in Sources */ = {isa = PBXBuildFile; fileRef = 3F55612E156D81FE00B620D9 /* View1Controller.m */; };
		3F556134156D82E200B620D9 /* View2Controller.m in Sources */ = {isa = PBXBuildFile; fileRef = 3F556130156D81FE00B620D9 /* View2Controller.m */; };
		3F556136156D82E200B620D9 /* NavigationController.m in Sources */ = {isa = PBXBuildFile; fileRef = 3F55612C156D819800B620D9 /* NavigationController.m */; };
		3F556137156D82E200B620D9 /* TabBarController.m in Sources */ = {isa = PBXBuildFile; fileRef = 3F556128156D80D400B620D9 /* TabBarController.m */; };
		3F556138156D82E200B620D9 /* Routes.plist in Sources */ = {isa = PBXBuildFile; fileRef = 3F556129156D80D400B620D9 /* Routes.plist */; };
		3F702F3D1573D83400412CD7 /* Navigation2Controller.m in Sources */ = {isa = PBXBuildFile; fileRef = 3F702F3C1573D83400412CD7 /* Navigation2Controller.m */; };
		3FBF258A15A63B8C00AEB3FF /* CJRoute.m in Sources */ = {isa = PBXBuildFile; fileRef = 3FBF258715A63B8C00AEB3FF /* CJRoute.m */; };
		3FBF258B15A63B8C00AEB3FF /* CJRouter.m in Sources */ = {isa = PBXBuildFile; fileRef = 3FBF258915A63B8C00AEB3FF /* CJRouter.m */; };
/* End PBXBuildFile section */

/* Begin PBXFileReference section */
		3F556105156D80A400B620D9 /* RouterTabbarNavigation.app */ = {isa = PBXFileReference; explicitFileType = wrapper.application; includeInIndex = 0; path = RouterTabbarNavigation.app; sourceTree = BUILT_PRODUCTS_DIR; };
		3F556109156D80A400B620D9 /* UIKit.framework */ = {isa = PBXFileReference; lastKnownFileType = wrapper.framework; name = UIKit.framework; path = System/Library/Frameworks/UIKit.framework; sourceTree = SDKROOT; };
		3F55610B156D80A400B620D9 /* Foundation.framework */ = {isa = PBXFileReference; lastKnownFileType = wrapper.framework; name = Foundation.framework; path = System/Library/Frameworks/Foundation.framework; sourceTree = SDKROOT; };
		3F55610D156D80A400B620D9 /* CoreGraphics.framework */ = {isa = PBXFileReference; lastKnownFileType = wrapper.framework; name = CoreGraphics.framework; path = System/Library/Frameworks/CoreGraphics.framework; sourceTree = SDKROOT; };
		3F556111156D80A400B620D9 /* RouterTabbarNavigation-Info.plist */ = {isa = PBXFileReference; lastKnownFileType = text.plist.xml; path = "RouterTabbarNavigation-Info.plist"; sourceTree = "<group>"; };
		3F556113156D80A400B620D9 /* en */ = {isa = PBXFileReference; lastKnownFileType = text.plist.strings; name = en; path = en.lproj/InfoPlist.strings; sourceTree = "<group>"; };
		3F556115156D80A400B620D9 /* main.m */ = {isa = PBXFileReference; lastKnownFileType = sourcecode.c.objc; path = main.m; sourceTree = "<group>"; };
		3F556117156D80A400B620D9 /* RouterTabbarNavigation-Prefix.pch */ = {isa = PBXFileReference; lastKnownFileType = sourcecode.c.h; path = "RouterTabbarNavigation-Prefix.pch"; sourceTree = "<group>"; };
		3F556118156D80A400B620D9 /* AppDelegate.h */ = {isa = PBXFileReference; lastKnownFileType = sourcecode.c.h; path = AppDelegate.h; sourceTree = "<group>"; };
		3F556119156D80A400B620D9 /* AppDelegate.m */ = {isa = PBXFileReference; lastKnownFileType = sourcecode.c.objc; path = AppDelegate.m; sourceTree = "<group>"; };
		3F556127156D80D400B620D9 /* TabBarController.h */ = {isa = PBXFileReference; lastKnownFileType = sourcecode.c.h; path = TabBarController.h; sourceTree = "<group>"; };
		3F556128156D80D400B620D9 /* TabBarController.m */ = {isa = PBXFileReference; lastKnownFileType = sourcecode.c.objc; path = TabBarController.m; sourceTree = "<group>"; };
		3F556129156D80D400B620D9 /* Routes.plist */ = {isa = PBXFileReference; lastKnownFileType = text.plist.xml; path = Routes.plist; sourceTree = "<group>"; };
		3F55612B156D819800B620D9 /* NavigationController.h */ = {isa = PBXFileReference; lastKnownFileType = sourcecode.c.h; path = NavigationController.h; sourceTree = "<group>"; };
		3F55612C156D819800B620D9 /* NavigationController.m */ = {isa = PBXFileReference; lastKnownFileType = sourcecode.c.objc; path = NavigationController.m; sourceTree = "<group>"; };
		3F55612D156D81FE00B620D9 /* View1Controller.h */ = {isa = PBXFileReference; lastKnownFileType = sourcecode.c.h; path = View1Controller.h; sourceTree = "<group>"; };
		3F55612E156D81FE00B620D9 /* View1Controller.m */ = {isa = PBXFileReference; lastKnownFileType = sourcecode.c.objc; path = View1Controller.m; sourceTree = "<group>"; };
		3F55612F156D81FE00B620D9 /* View2Controller.h */ = {isa = PBXFileReference; lastKnownFileType = sourcecode.c.h; path = View2Controller.h; sourceTree = "<group>"; };
		3F556130156D81FE00B620D9 /* View2Controller.m */ = {isa = PBXFileReference; lastKnownFileType = sourcecode.c.objc; path = View2Controller.m; sourceTree = "<group>"; };
		3F702F3B1573D83400412CD7 /* Navigation2Controller.h */ = {isa = PBXFileReference; fileEncoding = 4; lastKnownFileType = sourcecode.c.h; path = Navigation2Controller.h; sourceTree = "<group>"; };
		3F702F3C1573D83400412CD7 /* Navigation2Controller.m */ = {isa = PBXFileReference; fileEncoding = 4; lastKnownFileType = sourcecode.c.objc; path = Navigation2Controller.m; sourceTree = "<group>"; };
		3FBF258615A63B8C00AEB3FF /* CJRoute.h */ = {isa = PBXFileReference; fileEncoding = 4; lastKnownFileType = sourcecode.c.h; path = CJRoute.h; sourceTree = "<group>"; };
		3FBF258715A63B8C00AEB3FF /* CJRoute.m */ = {isa = PBXFileReference; fileEncoding = 4; lastKnownFileType = sourcecode.c.objc; path = CJRoute.m; sourceTree = "<group>"; };
		3FBF258815A63B8C00AEB3FF /* CJRouter.h */ = {isa = PBXFileReference; fileEncoding = 4; lastKnownFileType = sourcecode.c.h; path = CJRouter.h; sourceTree = "<group>"; };
		3FBF258915A63B8C00AEB3FF /* CJRouter.m */ = {isa = PBXFileReference; fileEncoding = 4; lastKnownFileType = sourcecode.c.objc; path = CJRouter.m; sourceTree = "<group>"; };
/* End PBXFileReference section */

/* Begin PBXFrameworksBuildPhase section */
		3F556102156D80A400B620D9 /* Frameworks */ = {
			isa = PBXFrameworksBuildPhase;
			buildActionMask = 2147483647;
			files = (
				3F55610A156D80A400B620D9 /* UIKit.framework in Frameworks */,
				3F55610C156D80A400B620D9 /* Foundation.framework in Frameworks */,
				3F55610E156D80A400B620D9 /* CoreGraphics.framework in Frameworks */,
			);
			runOnlyForDeploymentPostprocessing = 0;
		};
/* End PBXFrameworksBuildPhase section */

/* Begin PBXGroup section */
		3F5560FA156D80A400B620D9 = {
			isa = PBXGroup;
			children = (
				3F55610F156D80A400B620D9 /* RouterTabbarNavigation */,
				3F556108156D80A400B620D9 /* Frameworks */,
				3F556106156D80A400B620D9 /* Products */,
			);
			sourceTree = "<group>";
		};
		3F556106156D80A400B620D9 /* Products */ = {
			isa = PBXGroup;
			children = (
				3F556105156D80A400B620D9 /* RouterTabbarNavigation.app */,
			);
			name = Products;
			sourceTree = "<group>";
		};
		3F556108156D80A400B620D9 /* Frameworks */ = {
			isa = PBXGroup;
			children = (
				3F556109156D80A400B620D9 /* UIKit.framework */,
				3F55610B156D80A400B620D9 /* Foundation.framework */,
				3F55610D156D80A400B620D9 /* CoreGraphics.framework */,
			);
			name = Frameworks;
			sourceTree = "<group>";
		};
		3F55610F156D80A400B620D9 /* RouterTabbarNavigation */ = {
			isa = PBXGroup;
			children = (
				3FBF258515A63B8C00AEB3FF /* CJRouter */,
				3F55612A156D80DA00B620D9 /* Controllers */,
				3F556118156D80A400B620D9 /* AppDelegate.h */,
				3F556119156D80A400B620D9 /* AppDelegate.m */,
				3F556129156D80D400B620D9 /* Routes.plist */,
				3F556110156D80A400B620D9 /* Supporting Files */,
			);
			path = RouterTabbarNavigation;
			sourceTree = "<group>";
		};
		3F556110156D80A400B620D9 /* Supporting Files */ = {
			isa = PBXGroup;
			children = (
				3F556111156D80A400B620D9 /* RouterTabbarNavigation-Info.plist */,
				3F556112156D80A400B620D9 /* InfoPlist.strings */,
				3F556115156D80A400B620D9 /* main.m */,
				3F556117156D80A400B620D9 /* RouterTabbarNavigation-Prefix.pch */,
			);
			name = "Supporting Files";
			sourceTree = "<group>";
		};
		3F55612A156D80DA00B620D9 /* Controllers */ = {
			isa = PBXGroup;
			children = (
				3F55612D156D81FE00B620D9 /* View1Controller.h */,
				3F55612E156D81FE00B620D9 /* View1Controller.m */,
				3F55612F156D81FE00B620D9 /* View2Controller.h */,
				3F556130156D81FE00B620D9 /* View2Controller.m */,
				3F55612B156D819800B620D9 /* NavigationController.h */,
				3F55612C156D819800B620D9 /* NavigationController.m */,
				3F702F3B1573D83400412CD7 /* Navigation2Controller.h */,
				3F702F3C1573D83400412CD7 /* Navigation2Controller.m */,
				3F556127156D80D400B620D9 /* TabBarController.h */,
				3F556128156D80D400B620D9 /* TabBarController.m */,
			);
			name = Controllers;
			sourceTree = "<group>";
		};
		3FBF258515A63B8C00AEB3FF /* CJRouter */ = {
			isa = PBXGroup;
			children = (
				3FBF258615A63B8C00AEB3FF /* CJRoute.h */,
				3FBF258715A63B8C00AEB3FF /* CJRoute.m */,
				3FBF258815A63B8C00AEB3FF /* CJRouter.h */,
				3FBF258915A63B8C00AEB3FF /* CJRouter.m */,
			);
			name = CJRouter;
			path = ../../../CJRouter;
			sourceTree = "<group>";
		};
/* End PBXGroup section */

/* Begin PBXNativeTarget section */
		3F556104156D80A400B620D9 /* RouterTabbarNavigation */ = {
			isa = PBXNativeTarget;
			buildConfigurationList = 3F55611D156D80A400B620D9 /* Build configuration list for PBXNativeTarget "RouterTabbarNavigation" */;
			buildPhases = (
				3F556101156D80A400B620D9 /* Sources */,
				3F556102156D80A400B620D9 /* Frameworks */,
				3F556103156D80A400B620D9 /* Resources */,
			);
			buildRules = (
			);
			dependencies = (
			);
			name = RouterTabbarNavigation;
			productName = RouterTabbarNavigation;
			productReference = 3F556105156D80A400B620D9 /* RouterTabbarNavigation.app */;
			productType = "com.apple.product-type.application";
		};
/* End PBXNativeTarget section */

/* Begin PBXProject section */
		3F5560FC156D80A400B620D9 /* Project object */ = {
			isa = PBXProject;
			attributes = {
				CLASSPREFIX = CJ;
				LastUpgradeCheck = 0430;
				ORGANIZATIONNAME = "Jérémy Chaufourier";
			};
			buildConfigurationList = 3F5560FF156D80A400B620D9 /* Build configuration list for PBXProject "RouterTabbarNavigation" */;
			compatibilityVersion = "Xcode 3.2";
			developmentRegion = English;
			hasScannedForEncodings = 0;
			knownRegions = (
				en,
			);
			mainGroup = 3F5560FA156D80A400B620D9;
			productRefGroup = 3F556106156D80A400B620D9 /* Products */;
			projectDirPath = "";
			projectRoot = "";
			targets = (
				3F556104156D80A400B620D9 /* RouterTabbarNavigation */,
			);
		};
/* End PBXProject section */

/* Begin PBXResourcesBuildPhase section */
		3F556103156D80A400B620D9 /* Resources */ = {
			isa = PBXResourcesBuildPhase;
			buildActionMask = 2147483647;
			files = (
				3F556114156D80A400B620D9 /* InfoPlist.strings in Resources */,
			);
			runOnlyForDeploymentPostprocessing = 0;
		};
/* End PBXResourcesBuildPhase section */

/* Begin PBXSourcesBuildPhase section */
		3F556101156D80A400B620D9 /* Sources */ = {
			isa = PBXSourcesBuildPhase;
			buildActionMask = 2147483647;
			files = (
				3F556133156D82E200B620D9 /* View1Controller.m in Sources */,
				3F556134156D82E200B620D9 /* View2Controller.m in Sources */,
				3F556136156D82E200B620D9 /* NavigationController.m in Sources */,
				3F556137156D82E200B620D9 /* TabBarController.m in Sources */,
				3F556138156D82E200B620D9 /* Routes.plist in Sources */,
				3F556116156D80A400B620D9 /* main.m in Sources */,
				3F55611A156D80A400B620D9 /* AppDelegate.m in Sources */,
				3F702F3D1573D83400412CD7 /* Navigation2Controller.m in Sources */,
				3FBF258A15A63B8C00AEB3FF /* CJRoute.m in Sources */,
				3FBF258B15A63B8C00AEB3FF /* CJRouter.m in Sources */,
			);
			runOnlyForDeploymentPostprocessing = 0;
		};
/* End PBXSourcesBuildPhase section */

/* Begin PBXVariantGroup section */
		3F556112156D80A400B620D9 /* InfoPlist.strings */ = {
			isa = PBXVariantGroup;
			children = (
				3F556113156D80A400B620D9 /* en */,
			);
			name = InfoPlist.strings;
			sourceTree = "<group>";
		};
/* End PBXVariantGroup section */

/* Begin XCBuildConfiguration section */
		3F55611B156D80A400B620D9 /* Debug */ = {
			isa = XCBuildConfiguration;
			buildSettings = {
				ALWAYS_SEARCH_USER_PATHS = NO;
				ARCHS = "$(ARCHS_STANDARD_32_BIT)";
				"CODE_SIGN_IDENTITY[sdk=iphoneos*]" = "iPhone Developer";
				COPY_PHASE_STRIP = NO;
				GCC_C_LANGUAGE_STANDARD = gnu99;
				GCC_DYNAMIC_NO_PIC = NO;
				GCC_OPTIMIZATION_LEVEL = 0;
				GCC_PREPROCESSOR_DEFINITIONS = (
					"DEBUG=1",
					"$(inherited)",
				);
				GCC_SYMBOLS_PRIVATE_EXTERN = NO;
				GCC_VERSION = com.apple.compilers.llvm.clang.1_0;
				GCC_WARN_ABOUT_RETURN_TYPE = YES;
				GCC_WARN_UNINITIALIZED_AUTOS = YES;
				GCC_WARN_UNUSED_VARIABLE = YES;
				IPHONEOS_DEPLOYMENT_TARGET = 5.1;
				SDKROOT = iphoneos;
				TARGETED_DEVICE_FAMILY = "1,2";
			};
			name = Debug;
		};
		3F55611C156D80A400B620D9 /* Release */ = {
			isa = XCBuildConfiguration;
			buildSettings = {
				ALWAYS_SEARCH_USER_PATHS = NO;
				ARCHS = "$(ARCHS_STANDARD_32_BIT)";
				"CODE_SIGN_IDENTITY[sdk=iphoneos*]" = "iPhone Developer";
				COPY_PHASE_STRIP = YES;
				GCC_C_LANGUAGE_STANDARD = gnu99;
				GCC_VERSION = com.apple.compilers.llvm.clang.1_0;
				GCC_WARN_ABOUT_RETURN_TYPE = YES;
				GCC_WARN_UNINITIALIZED_AUTOS = YES;
				GCC_WARN_UNUSED_VARIABLE = YES;
				IPHONEOS_DEPLOYMENT_TARGET = 5.1;
				OTHER_CFLAGS = "-DNS_BLOCK_ASSERTIONS=1";
				SDKROOT = iphoneos;
				TARGETED_DEVICE_FAMILY = "1,2";
				VALIDATE_PRODUCT = YES;
			};
			name = Release;
		};
		3F55611E156D80A400B620D9 /* Debug */ = {
			isa = XCBuildConfiguration;
			buildSettings = {
				GCC_PRECOMPILE_PREFIX_HEADER = YES;
				GCC_PREFIX_HEADER = "RouterTabbarNavigation/RouterTabbarNavigation-Prefix.pch";
				INFOPLIST_FILE = "RouterTabbarNavigation/RouterTabbarNavigation-Info.plist";
				PRODUCT_NAME = "$(TARGET_NAME)";
				WRAPPER_EXTENSION = app;
			};
			name = Debug;
		};
		3F55611F156D80A400B620D9 /* Release */ = {
			isa = XCBuildConfiguration;
			buildSettings = {
				GCC_PRECOMPILE_PREFIX_HEADER = YES;
				GCC_PREFIX_HEADER = "RouterTabbarNavigation/RouterTabbarNavigation-Prefix.pch";
				INFOPLIST_FILE = "RouterTabbarNavigation/RouterTabbarNavigation-Info.plist";
				PRODUCT_NAME = "$(TARGET_NAME)";
				WRAPPER_EXTENSION = app;
			};
			name = Release;
		};
/* End XCBuildConfiguration section */

/* Begin XCConfigurationList section */
		3F5560FF156D80A400B620D9 /* Build configuration list for PBXProject "RouterTabbarNavigation" */ = {
			isa = XCConfigurationList;
			buildConfigurations = (
				3F55611B156D80A400B620D9 /* Debug */,
				3F55611C156D80A400B620D9 /* Release */,
			);
			defaultConfigurationIsVisible = 0;
			defaultConfigurationName = Release;
		};
		3F55611D156D80A400B620D9 /* Build configuration list for PBXNativeTarget "RouterTabbarNavigation" */ = {
			isa = XCConfigurationList;
			buildConfigurations = (
				3F55611E156D80A400B620D9 /* Debug */,
				3F55611F156D80A400B620D9 /* Release */,
			);
			defaultConfigurationIsVisible = 0;
			defaultConfigurationName = Release;
		};
/* End XCConfigurationList section */
	};
	rootObject = 3F5560FC156D80A400B620D9 /* Project object */;
}
